{
  "lockfileVersion": 1,
  "workspaces": {
    "": {
      "name": "shared-types",
      "dependencies": {
        "@prisma/client": "^6.5.0",
      },
    },
  },
  "packages": {
    "@prisma/client": ["@prisma/client@6.5.0", "", { "peerDependencies": { "prisma": "*", "typescript": ">=5.1.0" }, "optionalPeers": ["prisma", "typescript"] }, "sha512-M6w1Ql/BeiGoZmhMdAZUXHu5sz5HubyVcKukbLs3l0ELcQb8hTUJxtGEChhv4SVJ0QJlwtLnwOLgIRQhpsm9dw=="],
  }
}
